// !$*UTF8*$!
{
	archiveVersion = 1;
	classes = {
	};
	objectVersion = 56;
	objects = {

/* Begin PBXBuildFile section */
		EE49B4E02B519C0400A5B699 /* InMemoryFlashcardRepository.swift in Sources */ = {isa = PBXBuildFile; fileRef = EE49B4DF2B519C0400A5B699 /* InMemoryFlashcardRepository.swift */; };
		EE49B4E62B51BC3300A5B699 /* DataSourceProtocol.swift in Sources */ = {isa = PBXBuildFile; fileRef = EE49B4E52B51BC3300A5B699 /* DataSourceProtocol.swift */; };
		EE5DFE692B59246200BF8B90 /* InMemoryDeckRepository.swift in Sources */ = {isa = PBXBuildFile; fileRef = EE5DFE682B59246200BF8B90 /* InMemoryDeckRepository.swift */; };
		EE5DFE712B5934B000BF8B90 /* ServiceContainer.swift in Sources */ = {isa = PBXBuildFile; fileRef = EE5DFE702B5934B000BF8B90 /* ServiceContainer.swift */; };
		EE5DFE732B593A9400BF8B90 /* FlashcardRepositoryProtocol.swift in Sources */ = {isa = PBXBuildFile; fileRef = EE5DFE722B593A9400BF8B90 /* FlashcardRepositoryProtocol.swift */; };
		EE5DFE762B59478E00BF8B90 /* FlashcardViewModel.swift in Sources */ = {isa = PBXBuildFile; fileRef = EE5DFE752B59478E00BF8B90 /* FlashcardViewModel.swift */; };
		EE7699292B5953B8005EB7FC /* DeckViewModel.swift in Sources */ = {isa = PBXBuildFile; fileRef = EE7699282B5953B8005EB7FC /* DeckViewModel.swift */; };
		EE76992B2B5953D2005EB7FC /* DeckService.swift in Sources */ = {isa = PBXBuildFile; fileRef = EE76992A2B5953D2005EB7FC /* DeckService.swift */; };
		EE76992D2B59541F005EB7FC /* DeckRepositoryProtocol.swift in Sources */ = {isa = PBXBuildFile; fileRef = EE76992C2B59541F005EB7FC /* DeckRepositoryProtocol.swift */; };
		EE76994E2B599F24005EB7FC /* DeckFlashcardsView.swift in Sources */ = {isa = PBXBuildFile; fileRef = EE76994D2B599F24005EB7FC /* DeckFlashcardsView.swift */; };
		EE95DB3B2B502753007D930A /* FlashcardsApp.swift in Sources */ = {isa = PBXBuildFile; fileRef = EE95DB3A2B502753007D930A /* FlashcardsApp.swift */; };
		EE95DB3D2B502753007D930A /* ContentView.swift in Sources */ = {isa = PBXBuildFile; fileRef = EE95DB3C2B502753007D930A /* ContentView.swift */; };
		EE95DB3F2B502755007D930A /* Assets.xcassets in Resources */ = {isa = PBXBuildFile; fileRef = EE95DB3E2B502755007D930A /* Assets.xcassets */; };
		EE95DB432B502755007D930A /* Preview Assets.xcassets in Resources */ = {isa = PBXBuildFile; fileRef = EE95DB422B502755007D930A /* Preview Assets.xcassets */; };
		EE95DB4C2B502A9E007D930A /* SpacedRepetitionProtocol.swift in Sources */ = {isa = PBXBuildFile; fileRef = EE95DB4B2B502A9E007D930A /* SpacedRepetitionProtocol.swift */; };
		EE95DB4E2B502D78007D930A /* LeitnerSystem.swift in Sources */ = {isa = PBXBuildFile; fileRef = EE95DB4D2B502D78007D930A /* LeitnerSystem.swift */; };
		EE95DB552B5054ED007D930A /* LearningService.swift in Sources */ = {isa = PBXBuildFile; fileRef = EE95DB542B5054ED007D930A /* LearningService.swift */; };
		EEA633EE2B5C18590082F3D0 /* DeckFlashcardsViewModel.swift in Sources */ = {isa = PBXBuildFile; fileRef = EEA633ED2B5C18590082F3D0 /* DeckFlashcardsViewModel.swift */; };
		EEA633F42B5C81AC0082F3D0 /* LeitnerSystemDeck.swift in Sources */ = {isa = PBXBuildFile; fileRef = EEA633F32B5C81AC0082F3D0 /* LeitnerSystemDeck.swift */; };
		EEE5ABB02B5062F900DC56CE /* Flashcard.swift in Sources */ = {isa = PBXBuildFile; fileRef = EEE5ABAF2B5062F900DC56CE /* Flashcard.swift */; };
		EEE5ABB22B50633C00DC56CE /* LeitnerSystemCard.swift in Sources */ = {isa = PBXBuildFile; fileRef = EEE5ABB12B50633C00DC56CE /* LeitnerSystemCard.swift */; };
		EEE5ABB52B5064A500DC56CE /* DeckProtocol.swift in Sources */ = {isa = PBXBuildFile; fileRef = EEE5ABB42B5064A500DC56CE /* DeckProtocol.swift */; };
		EEE5ABB82B5065A000DC56CE /* SpecialCardProtocol.swift in Sources */ = {isa = PBXBuildFile; fileRef = EEE5ABB72B5065A000DC56CE /* SpecialCardProtocol.swift */; };
		EEE5ABBB2B5070CA00DC56CE /* FlashcardService.swift in Sources */ = {isa = PBXBuildFile; fileRef = EEE5ABBA2B5070CA00DC56CE /* FlashcardService.swift */; };
		EEE5ABC12B5071B600DC56CE /* RepositoryProtocol.swift in Sources */ = {isa = PBXBuildFile; fileRef = EEE5ABC02B5071B600DC56CE /* RepositoryProtocol.swift */; };
		EEE6CB792B5D1AB60049A08F /* AnkiAlgorithm.swift in Sources */ = {isa = PBXBuildFile; fileRef = EEE6CB782B5D1AB60049A08F /* AnkiAlgorithm.swift */; };
		EEE6CB7C2B5D1AED0049A08F /* AnkiAlgorithmDeck.swift in Sources */ = {isa = PBXBuildFile; fileRef = EEE6CB7B2B5D1AED0049A08F /* AnkiAlgorithmDeck.swift */; };
		EEE6CB7E2B5D1AF50049A08F /* AnkiAlgorithmCard.swift in Sources */ = {isa = PBXBuildFile; fileRef = EEE6CB7D2B5D1AF50049A08F /* AnkiAlgorithmCard.swift */; };
/* End PBXBuildFile section */

/* Begin PBXFileReference section */
		EE49B4DF2B519C0400A5B699 /* InMemoryFlashcardRepository.swift */ = {isa = PBXFileReference; lastKnownFileType = sourcecode.swift; path = InMemoryFlashcardRepository.swift; sourceTree = "<group>"; };
		EE49B4E52B51BC3300A5B699 /* DataSourceProtocol.swift */ = {isa = PBXFileReference; lastKnownFileType = sourcecode.swift; path = DataSourceProtocol.swift; sourceTree = "<group>"; };
		EE5DFE682B59246200BF8B90 /* InMemoryDeckRepository.swift */ = {isa = PBXFileReference; lastKnownFileType = sourcecode.swift; path = InMemoryDeckRepository.swift; sourceTree = "<group>"; };
		EE5DFE702B5934B000BF8B90 /* ServiceContainer.swift */ = {isa = PBXFileReference; lastKnownFileType = sourcecode.swift; path = ServiceContainer.swift; sourceTree = "<group>"; };
		EE5DFE722B593A9400BF8B90 /* FlashcardRepositoryProtocol.swift */ = {isa = PBXFileReference; lastKnownFileType = sourcecode.swift; path = FlashcardRepositoryProtocol.swift; sourceTree = "<group>"; };
		EE5DFE752B59478E00BF8B90 /* FlashcardViewModel.swift */ = {isa = PBXFileReference; lastKnownFileType = sourcecode.swift; path = FlashcardViewModel.swift; sourceTree = "<group>"; };
		EE7699282B5953B8005EB7FC /* DeckViewModel.swift */ = {isa = PBXFileReference; lastKnownFileType = sourcecode.swift; path = DeckViewModel.swift; sourceTree = "<group>"; };
		EE76992A2B5953D2005EB7FC /* DeckService.swift */ = {isa = PBXFileReference; lastKnownFileType = sourcecode.swift; path = DeckService.swift; sourceTree = "<group>"; };
		EE76992C2B59541F005EB7FC /* DeckRepositoryProtocol.swift */ = {isa = PBXFileReference; lastKnownFileType = sourcecode.swift; path = DeckRepositoryProtocol.swift; sourceTree = "<group>"; };
		EE76994D2B599F24005EB7FC /* DeckFlashcardsView.swift */ = {isa = PBXFileReference; lastKnownFileType = sourcecode.swift; path = DeckFlashcardsView.swift; sourceTree = "<group>"; };
		EE95DB372B502753007D930A /* Flashcards.app */ = {isa = PBXFileReference; explicitFileType = wrapper.application; includeInIndex = 0; path = Flashcards.app; sourceTree = BUILT_PRODUCTS_DIR; };
		EE95DB3A2B502753007D930A /* FlashcardsApp.swift */ = {isa = PBXFileReference; lastKnownFileType = sourcecode.swift; path = FlashcardsApp.swift; sourceTree = "<group>"; };
		EE95DB3C2B502753007D930A /* ContentView.swift */ = {isa = PBXFileReference; lastKnownFileType = sourcecode.swift; path = ContentView.swift; sourceTree = "<group>"; };
		EE95DB3E2B502755007D930A /* Assets.xcassets */ = {isa = PBXFileReference; lastKnownFileType = folder.assetcatalog; path = Assets.xcassets; sourceTree = "<group>"; };
		EE95DB402B502755007D930A /* Flashcards.entitlements */ = {isa = PBXFileReference; lastKnownFileType = text.plist.entitlements; path = Flashcards.entitlements; sourceTree = "<group>"; };
		EE95DB422B502755007D930A /* Preview Assets.xcassets */ = {isa = PBXFileReference; lastKnownFileType = folder.assetcatalog; path = "Preview Assets.xcassets"; sourceTree = "<group>"; };
		EE95DB4B2B502A9E007D930A /* SpacedRepetitionProtocol.swift */ = {isa = PBXFileReference; lastKnownFileType = sourcecode.swift; path = SpacedRepetitionProtocol.swift; sourceTree = "<group>"; };
		EE95DB4D2B502D78007D930A /* LeitnerSystem.swift */ = {isa = PBXFileReference; lastKnownFileType = sourcecode.swift; path = LeitnerSystem.swift; sourceTree = "<group>"; };
		EE95DB542B5054ED007D930A /* LearningService.swift */ = {isa = PBXFileReference; lastKnownFileType = sourcecode.swift; path = LearningService.swift; sourceTree = "<group>"; };
		EEA633ED2B5C18590082F3D0 /* DeckFlashcardsViewModel.swift */ = {isa = PBXFileReference; lastKnownFileType = sourcecode.swift; path = DeckFlashcardsViewModel.swift; sourceTree = "<group>"; };
		EEA633F32B5C81AC0082F3D0 /* LeitnerSystemDeck.swift */ = {isa = PBXFileReference; lastKnownFileType = sourcecode.swift; path = LeitnerSystemDeck.swift; sourceTree = "<group>"; };
		EEE5ABAF2B5062F900DC56CE /* Flashcard.swift */ = {isa = PBXFileReference; lastKnownFileType = sourcecode.swift; path = Flashcard.swift; sourceTree = "<group>"; };
		EEE5ABB12B50633C00DC56CE /* LeitnerSystemCard.swift */ = {isa = PBXFileReference; lastKnownFileType = sourcecode.swift; path = LeitnerSystemCard.swift; sourceTree = "<group>"; };
		EEE5ABB42B5064A500DC56CE /* DeckProtocol.swift */ = {isa = PBXFileReference; lastKnownFileType = sourcecode.swift; path = DeckProtocol.swift; sourceTree = "<group>"; };
		EEE5ABB72B5065A000DC56CE /* SpecialCardProtocol.swift */ = {isa = PBXFileReference; lastKnownFileType = sourcecode.swift; path = SpecialCardProtocol.swift; sourceTree = "<group>"; };
		EEE5ABBA2B5070CA00DC56CE /* FlashcardService.swift */ = {isa = PBXFileReference; lastKnownFileType = sourcecode.swift; path = FlashcardService.swift; sourceTree = "<group>"; };
		EEE5ABC02B5071B600DC56CE /* RepositoryProtocol.swift */ = {isa = PBXFileReference; lastKnownFileType = sourcecode.swift; path = RepositoryProtocol.swift; sourceTree = "<group>"; };
		EEE6CB782B5D1AB60049A08F /* AnkiAlgorithm.swift */ = {isa = PBXFileReference; lastKnownFileType = sourcecode.swift; path = AnkiAlgorithm.swift; sourceTree = "<group>"; };
		EEE6CB7B2B5D1AED0049A08F /* AnkiAlgorithmDeck.swift */ = {isa = PBXFileReference; lastKnownFileType = sourcecode.swift; path = AnkiAlgorithmDeck.swift; sourceTree = "<group>"; };
		EEE6CB7D2B5D1AF50049A08F /* AnkiAlgorithmCard.swift */ = {isa = PBXFileReference; lastKnownFileType = sourcecode.swift; path = AnkiAlgorithmCard.swift; sourceTree = "<group>"; };
/* End PBXFileReference section */

/* Begin PBXFrameworksBuildPhase section */
		EE95DB342B502753007D930A /* Frameworks */ = {
			isa = PBXFrameworksBuildPhase;
			buildActionMask = 2147483647;
			files = (
			);
			runOnlyForDeploymentPostprocessing = 0;
		};
/* End PBXFrameworksBuildPhase section */

/* Begin PBXGroup section */
		EE5DFE6A2B59259B00BF8B90 /* InMemory */ = {
			isa = PBXGroup;
			children = (
				EE5DFE682B59246200BF8B90 /* InMemoryDeckRepository.swift */,
				EE49B4DF2B519C0400A5B699 /* InMemoryFlashcardRepository.swift */,
			);
			path = InMemory;
			sourceTree = "<group>";
		};
		EE5DFE6D2B59342600BF8B90 /* DependencyContainer */ = {
			isa = PBXGroup;
			children = (
				EE5DFE702B5934B000BF8B90 /* ServiceContainer.swift */,
			);
			path = DependencyContainer;
			sourceTree = "<group>";
		};
		EE5DFE742B59477700BF8B90 /* ViewModels */ = {
			isa = PBXGroup;
			children = (
				EE7699282B5953B8005EB7FC /* DeckViewModel.swift */,
				EE5DFE752B59478E00BF8B90 /* FlashcardViewModel.swift */,
				EEA633ED2B5C18590082F3D0 /* DeckFlashcardsViewModel.swift */,
			);
			path = ViewModels;
			sourceTree = "<group>";
		};
		EE95DB2E2B502753007D930A = {
			isa = PBXGroup;
			children = (
				EE95DB392B502753007D930A /* Flashcards */,
				EE95DB382B502753007D930A /* Products */,
			);
			sourceTree = "<group>";
		};
		EE95DB382B502753007D930A /* Products */ = {
			isa = PBXGroup;
			children = (
				EE95DB372B502753007D930A /* Flashcards.app */,
			);
			name = Products;
			sourceTree = "<group>";
		};
		EE95DB392B502753007D930A /* Flashcards */ = {
			isa = PBXGroup;
			children = (
				EE95DB3A2B502753007D930A /* FlashcardsApp.swift */,
				EE95DB492B5027A8007D930A /* Views */,
				EE5DFE742B59477700BF8B90 /* ViewModels */,
				EE5DFE6D2B59342600BF8B90 /* DependencyContainer */,
				EE95DB532B5054DC007D930A /* Services */,
				EE95DB4A2B5027F3007D930A /* SpacedRepetition */,
				EEE5ABBC2B50711A00DC56CE /* Repository */,
				EEE5ABAD2B50625800DC56CE /* Models */,
				EEE5ABC42B51070800DC56CE /* Persistence */,
				EE95DB3E2B502755007D930A /* Assets.xcassets */,
				EE95DB402B502755007D930A /* Flashcards.entitlements */,
				EE95DB412B502755007D930A /* Preview Content */,
			);
			path = Flashcards;
			sourceTree = "<group>";
		};
		EE95DB412B502755007D930A /* Preview Content */ = {
			isa = PBXGroup;
			children = (
				EE95DB422B502755007D930A /* Preview Assets.xcassets */,
			);
			path = "Preview Content";
			sourceTree = "<group>";
		};
		EE95DB492B5027A8007D930A /* Views */ = {
			isa = PBXGroup;
			children = (
				EE95DB3C2B502753007D930A /* ContentView.swift */,
				EE76994D2B599F24005EB7FC /* DeckFlashcardsView.swift */,
			);
			path = Views;
			sourceTree = "<group>";
		};
		EE95DB4A2B5027F3007D930A /* SpacedRepetition */ = {
			isa = PBXGroup;
			children = (
				EE95DB4B2B502A9E007D930A /* SpacedRepetitionProtocol.swift */,
				EE95DB4D2B502D78007D930A /* LeitnerSystem.swift */,
				EEE6CB782B5D1AB60049A08F /* AnkiAlgorithm.swift */,
			);
			path = SpacedRepetition;
			sourceTree = "<group>";
		};
		EE95DB532B5054DC007D930A /* Services */ = {
			isa = PBXGroup;
			children = (
				EE76992A2B5953D2005EB7FC /* DeckService.swift */,
				EEE5ABBA2B5070CA00DC56CE /* FlashcardService.swift */,
				EE95DB542B5054ED007D930A /* LearningService.swift */,
			);
			path = Services;
			sourceTree = "<group>";
		};
		EEA633F12B5C81770082F3D0 /* LeitnerSystem */ = {
			isa = PBXGroup;
			children = (
				EEA633F32B5C81AC0082F3D0 /* LeitnerSystemDeck.swift */,
				EEE5ABB12B50633C00DC56CE /* LeitnerSystemCard.swift */,
			);
			path = LeitnerSystem;
			sourceTree = "<group>";
		};
		EEE5ABAD2B50625800DC56CE /* Models */ = {
			isa = PBXGroup;
			children = (
				EEE5ABB42B5064A500DC56CE /* DeckProtocol.swift */,
				EEE5ABB72B5065A000DC56CE /* SpecialCardProtocol.swift */,
				EEE5ABAF2B5062F900DC56CE /* Flashcard.swift */,
				EEA633F12B5C81770082F3D0 /* LeitnerSystem */,
				EEE6CB7A2B5D1AD60049A08F /* AnkiAlgorithm */,
			);
			path = Models;
			sourceTree = "<group>";
		};
		EEE5ABBC2B50711A00DC56CE /* Repository */ = {
			isa = PBXGroup;
			children = (
				EEE5ABC02B5071B600DC56CE /* RepositoryProtocol.swift */,
				EE76992C2B59541F005EB7FC /* DeckRepositoryProtocol.swift */,
				EE5DFE722B593A9400BF8B90 /* FlashcardRepositoryProtocol.swift */,
				EE5DFE6A2B59259B00BF8B90 /* InMemory */,
			);
			path = Repository;
			sourceTree = "<group>";
		};
		EEE5ABC42B51070800DC56CE /* Persistence */ = {
			isa = PBXGroup;
			children = (
				EE49B4E52B51BC3300A5B699 /* DataSourceProtocol.swift */,
			);
			path = Persistence;
			sourceTree = "<group>";
		};
		EEE6CB7A2B5D1AD60049A08F /* AnkiAlgorithm */ = {
			isa = PBXGroup;
			children = (
				EEE6CB7B2B5D1AED0049A08F /* AnkiAlgorithmDeck.swift */,
				EEE6CB7D2B5D1AF50049A08F /* AnkiAlgorithmCard.swift */,
			);
			path = AnkiAlgorithm;
			sourceTree = "<group>";
		};
/* End PBXGroup section */

/* Begin PBXNativeTarget section */
		EE95DB362B502753007D930A /* Flashcards */ = {
			isa = PBXNativeTarget;
			buildConfigurationList = EE95DB462B502755007D930A /* Build configuration list for PBXNativeTarget "Flashcards" */;
			buildPhases = (
				EE95DB332B502753007D930A /* Sources */,
				EE95DB342B502753007D930A /* Frameworks */,
				EE95DB352B502753007D930A /* Resources */,
			);
			buildRules = (
			);
			dependencies = (
			);
			name = Flashcards;
			productName = Flashcards;
			productReference = EE95DB372B502753007D930A /* Flashcards.app */;
			productType = "com.apple.product-type.application";
		};
/* End PBXNativeTarget section */

/* Begin PBXProject section */
		EE95DB2F2B502753007D930A /* Project object */ = {
			isa = PBXProject;
			attributes = {
				BuildIndependentTargetsInParallel = 1;
				LastSwiftUpdateCheck = 1520;
				LastUpgradeCheck = 1520;
				TargetAttributes = {
					EE95DB362B502753007D930A = {
						CreatedOnToolsVersion = 15.2;
					};
				};
			};
			buildConfigurationList = EE95DB322B502753007D930A /* Build configuration list for PBXProject "Flashcards" */;
			compatibilityVersion = "Xcode 14.0";
			developmentRegion = en;
			hasScannedForEncodings = 0;
			knownRegions = (
				en,
				Base,
			);
			mainGroup = EE95DB2E2B502753007D930A;
			productRefGroup = EE95DB382B502753007D930A /* Products */;
			projectDirPath = "";
			projectRoot = "";
			targets = (
				EE95DB362B502753007D930A /* Flashcards */,
			);
		};
/* End PBXProject section */

/* Begin PBXResourcesBuildPhase section */
		EE95DB352B502753007D930A /* Resources */ = {
			isa = PBXResourcesBuildPhase;
			buildActionMask = 2147483647;
			files = (
				EE95DB432B502755007D930A /* Preview Assets.xcassets in Resources */,
				EE95DB3F2B502755007D930A /* Assets.xcassets in Resources */,
			);
			runOnlyForDeploymentPostprocessing = 0;
		};
/* End PBXResourcesBuildPhase section */

/* Begin PBXSourcesBuildPhase section */
		EE95DB332B502753007D930A /* Sources */ = {
			isa = PBXSourcesBuildPhase;
			buildActionMask = 2147483647;
			files = (
				EE76992B2B5953D2005EB7FC /* DeckService.swift in Sources */,
				EE76992D2B59541F005EB7FC /* DeckRepositoryProtocol.swift in Sources */,
				EEE5ABB52B5064A500DC56CE /* DeckProtocol.swift in Sources */,
				EEE5ABB82B5065A000DC56CE /* SpecialCardProtocol.swift in Sources */,
				EEE5ABB22B50633C00DC56CE /* LeitnerSystemCard.swift in Sources */,
				EEE6CB7C2B5D1AED0049A08F /* AnkiAlgorithmDeck.swift in Sources */,
				EEE5ABC12B5071B600DC56CE /* RepositoryProtocol.swift in Sources */,
				EE76994E2B599F24005EB7FC /* DeckFlashcardsView.swift in Sources */,
				EE95DB552B5054ED007D930A /* LearningService.swift in Sources */,
				EEA633EE2B5C18590082F3D0 /* DeckFlashcardsViewModel.swift in Sources */,
				EE5DFE732B593A9400BF8B90 /* FlashcardRepositoryProtocol.swift in Sources */,
				EE95DB4C2B502A9E007D930A /* SpacedRepetitionProtocol.swift in Sources */,
				EE95DB3D2B502753007D930A /* ContentView.swift in Sources */,
				EE95DB4E2B502D78007D930A /* LeitnerSystem.swift in Sources */,
				EEE6CB7E2B5D1AF50049A08F /* AnkiAlgorithmCard.swift in Sources */,
				EE95DB3B2B502753007D930A /* FlashcardsApp.swift in Sources */,
				EE49B4E62B51BC3300A5B699 /* DataSourceProtocol.swift in Sources */,
				EE49B4E02B519C0400A5B699 /* InMemoryFlashcardRepository.swift in Sources */,
				EEE6CB792B5D1AB60049A08F /* AnkiAlgorithm.swift in Sources */,
				EEA633F42B5C81AC0082F3D0 /* LeitnerSystemDeck.swift in Sources */,
				EE7699292B5953B8005EB7FC /* DeckViewModel.swift in Sources */,
				EE5DFE712B5934B000BF8B90 /* ServiceContainer.swift in Sources */,
				EEE5ABBB2B5070CA00DC56CE /* FlashcardService.swift in Sources */,
				EE5DFE762B59478E00BF8B90 /* FlashcardViewModel.swift in Sources */,
				EE5DFE692B59246200BF8B90 /* InMemoryDeckRepository.swift in Sources */,
				EEE5ABB02B5062F900DC56CE /* Flashcard.swift in Sources */,
			);
			runOnlyForDeploymentPostprocessing = 0;
		};
/* End PBXSourcesBuildPhase section */

/* Begin XCBuildConfiguration section */
		EE95DB442B502755007D930A /* Debug */ = {
			isa = XCBuildConfiguration;
			buildSettings = {
				ALWAYS_SEARCH_USER_PATHS = NO;
				ASSETCATALOG_COMPILER_GENERATE_SWIFT_ASSET_SYMBOL_EXTENSIONS = YES;
				CLANG_ANALYZER_NONNULL = YES;
				CLANG_ANALYZER_NUMBER_OBJECT_CONVERSION = YES_AGGRESSIVE;
				CLANG_CXX_LANGUAGE_STANDARD = "gnu++20";
				CLANG_ENABLE_MODULES = YES;
				CLANG_ENABLE_OBJC_ARC = YES;
				CLANG_ENABLE_OBJC_WEAK = YES;
				CLANG_WARN_BLOCK_CAPTURE_AUTORELEASING = YES;
				CLANG_WARN_BOOL_CONVERSION = YES;
				CLANG_WARN_COMMA = YES;
				CLANG_WARN_CONSTANT_CONVERSION = YES;
				CLANG_WARN_DEPRECATED_OBJC_IMPLEMENTATIONS = YES;
				CLANG_WARN_DIRECT_OBJC_ISA_USAGE = YES_ERROR;
				CLANG_WARN_DOCUMENTATION_COMMENTS = YES;
				CLANG_WARN_EMPTY_BODY = YES;
				CLANG_WARN_ENUM_CONVERSION = YES;
				CLANG_WARN_INFINITE_RECURSION = YES;
				CLANG_WARN_INT_CONVERSION = YES;
				CLANG_WARN_NON_LITERAL_NULL_CONVERSION = YES;
				CLANG_WARN_OBJC_IMPLICIT_RETAIN_SELF = YES;
				CLANG_WARN_OBJC_LITERAL_CONVERSION = YES;
				CLANG_WARN_OBJC_ROOT_CLASS = YES_ERROR;
				CLANG_WARN_QUOTED_INCLUDE_IN_FRAMEWORK_HEADER = YES;
				CLANG_WARN_RANGE_LOOP_ANALYSIS = YES;
				CLANG_WARN_STRICT_PROTOTYPES = YES;
				CLANG_WARN_SUSPICIOUS_MOVE = YES;
				CLANG_WARN_UNGUARDED_AVAILABILITY = YES_AGGRESSIVE;
				CLANG_WARN_UNREACHABLE_CODE = YES;
				CLANG_WARN__DUPLICATE_METHOD_MATCH = YES;
				COPY_PHASE_STRIP = NO;
				DEBUG_INFORMATION_FORMAT = dwarf;
				ENABLE_STRICT_OBJC_MSGSEND = YES;
				ENABLE_TESTABILITY = YES;
				ENABLE_USER_SCRIPT_SANDBOXING = YES;
				GCC_C_LANGUAGE_STANDARD = gnu17;
				GCC_DYNAMIC_NO_PIC = NO;
				GCC_NO_COMMON_BLOCKS = YES;
				GCC_OPTIMIZATION_LEVEL = 0;
				GCC_PREPROCESSOR_DEFINITIONS = (
					"DEBUG=1",
					"$(inherited)",
				);
				GCC_WARN_64_TO_32_BIT_CONVERSION = YES;
				GCC_WARN_ABOUT_RETURN_TYPE = YES_ERROR;
				GCC_WARN_UNDECLARED_SELECTOR = YES;
				GCC_WARN_UNINITIALIZED_AUTOS = YES_AGGRESSIVE;
				GCC_WARN_UNUSED_FUNCTION = YES;
				GCC_WARN_UNUSED_VARIABLE = YES;
				LOCALIZATION_PREFERS_STRING_CATALOGS = YES;
				MTL_ENABLE_DEBUG_INFO = INCLUDE_SOURCE;
				MTL_FAST_MATH = YES;
				ONLY_ACTIVE_ARCH = YES;
				SWIFT_ACTIVE_COMPILATION_CONDITIONS = "DEBUG $(inherited)";
				SWIFT_OPTIMIZATION_LEVEL = "-Onone";
			};
			name = Debug;
		};
		EE95DB452B502755007D930A /* Release */ = {
			isa = XCBuildConfiguration;
			buildSettings = {
				ALWAYS_SEARCH_USER_PATHS = NO;
				ASSETCATALOG_COMPILER_GENERATE_SWIFT_ASSET_SYMBOL_EXTENSIONS = YES;
				CLANG_ANALYZER_NONNULL = YES;
				CLANG_ANALYZER_NUMBER_OBJECT_CONVERSION = YES_AGGRESSIVE;
				CLANG_CXX_LANGUAGE_STANDARD = "gnu++20";
				CLANG_ENABLE_MODULES = YES;
				CLANG_ENABLE_OBJC_ARC = YES;
				CLANG_ENABLE_OBJC_WEAK = YES;
				CLANG_WARN_BLOCK_CAPTURE_AUTORELEASING = YES;
				CLANG_WARN_BOOL_CONVERSION = YES;
				CLANG_WARN_COMMA = YES;
				CLANG_WARN_CONSTANT_CONVERSION = YES;
				CLANG_WARN_DEPRECATED_OBJC_IMPLEMENTATIONS = YES;
				CLANG_WARN_DIRECT_OBJC_ISA_USAGE = YES_ERROR;
				CLANG_WARN_DOCUMENTATION_COMMENTS = YES;
				CLANG_WARN_EMPTY_BODY = YES;
				CLANG_WARN_ENUM_CONVERSION = YES;
				CLANG_WARN_INFINITE_RECURSION = YES;
				CLANG_WARN_INT_CONVERSION = YES;
				CLANG_WARN_NON_LITERAL_NULL_CONVERSION = YES;
				CLANG_WARN_OBJC_IMPLICIT_RETAIN_SELF = YES;
				CLANG_WARN_OBJC_LITERAL_CONVERSION = YES;
				CLANG_WARN_OBJC_ROOT_CLASS = YES_ERROR;
				CLANG_WARN_QUOTED_INCLUDE_IN_FRAMEWORK_HEADER = YES;
				CLANG_WARN_RANGE_LOOP_ANALYSIS = YES;
				CLANG_WARN_STRICT_PROTOTYPES = YES;
				CLANG_WARN_SUSPICIOUS_MOVE = YES;
				CLANG_WARN_UNGUARDED_AVAILABILITY = YES_AGGRESSIVE;
				CLANG_WARN_UNREACHABLE_CODE = YES;
				CLANG_WARN__DUPLICATE_METHOD_MATCH = YES;
				COPY_PHASE_STRIP = NO;
				DEBUG_INFORMATION_FORMAT = "dwarf-with-dsym";
				ENABLE_NS_ASSERTIONS = NO;
				ENABLE_STRICT_OBJC_MSGSEND = YES;
				ENABLE_USER_SCRIPT_SANDBOXING = YES;
				GCC_C_LANGUAGE_STANDARD = gnu17;
				GCC_NO_COMMON_BLOCKS = YES;
				GCC_WARN_64_TO_32_BIT_CONVERSION = YES;
				GCC_WARN_ABOUT_RETURN_TYPE = YES_ERROR;
				GCC_WARN_UNDECLARED_SELECTOR = YES;
				GCC_WARN_UNINITIALIZED_AUTOS = YES_AGGRESSIVE;
				GCC_WARN_UNUSED_FUNCTION = YES;
				GCC_WARN_UNUSED_VARIABLE = YES;
				LOCALIZATION_PREFERS_STRING_CATALOGS = YES;
				MTL_ENABLE_DEBUG_INFO = NO;
				MTL_FAST_MATH = YES;
				SWIFT_COMPILATION_MODE = wholemodule;
			};
			name = Release;
		};
		EE95DB472B502755007D930A /* Debug */ = {
			isa = XCBuildConfiguration;
			buildSettings = {
				ASSETCATALOG_COMPILER_APPICON_NAME = AppIcon;
				ASSETCATALOG_COMPILER_GLOBAL_ACCENT_COLOR_NAME = AccentColor;
				CODE_SIGN_ENTITLEMENTS = Flashcards/Flashcards.entitlements;
				CODE_SIGN_STYLE = Automatic;
				CURRENT_PROJECT_VERSION = 1;
				DEVELOPMENT_ASSET_PATHS = "\"Flashcards/Preview Content\"";
				DEVELOPMENT_TEAM = B2F8267N9G;
				ENABLE_HARDENED_RUNTIME = YES;
				ENABLE_PREVIEWS = YES;
				GENERATE_INFOPLIST_FILE = YES;
				"INFOPLIST_KEY_UIApplicationSceneManifest_Generation[sdk=iphoneos*]" = YES;
				"INFOPLIST_KEY_UIApplicationSceneManifest_Generation[sdk=iphonesimulator*]" = YES;
				"INFOPLIST_KEY_UIApplicationSupportsIndirectInputEvents[sdk=iphoneos*]" = YES;
				"INFOPLIST_KEY_UIApplicationSupportsIndirectInputEvents[sdk=iphonesimulator*]" = YES;
				"INFOPLIST_KEY_UILaunchScreen_Generation[sdk=iphoneos*]" = YES;
				"INFOPLIST_KEY_UILaunchScreen_Generation[sdk=iphonesimulator*]" = YES;
				"INFOPLIST_KEY_UIStatusBarStyle[sdk=iphoneos*]" = UIStatusBarStyleDefault;
				"INFOPLIST_KEY_UIStatusBarStyle[sdk=iphonesimulator*]" = UIStatusBarStyleDefault;
				INFOPLIST_KEY_UISupportedInterfaceOrientations_iPad = "UIInterfaceOrientationPortrait UIInterfaceOrientationPortraitUpsideDown UIInterfaceOrientationLandscapeLeft UIInterfaceOrientationLandscapeRight";
				INFOPLIST_KEY_UISupportedInterfaceOrientations_iPhone = "UIInterfaceOrientationPortrait UIInterfaceOrientationLandscapeLeft UIInterfaceOrientationLandscapeRight";
				IPHONEOS_DEPLOYMENT_TARGET = 17.2;
				LD_RUNPATH_SEARCH_PATHS = "@executable_path/Frameworks";
				"LD_RUNPATH_SEARCH_PATHS[sdk=macosx*]" = "@executable_path/../Frameworks";
				MACOSX_DEPLOYMENT_TARGET = 14.2;
				MARKETING_VERSION = 1.0;
				PRODUCT_BUNDLE_IDENTIFIER = com.pedrojosemoragallegos.Flashcards;
				PRODUCT_NAME = "$(TARGET_NAME)";
				SDKROOT = auto;
				SUPPORTED_PLATFORMS = "iphoneos iphonesimulator macosx";
				SWIFT_EMIT_LOC_STRINGS = YES;
				SWIFT_VERSION = 5.0;
				TARGETED_DEVICE_FAMILY = "1,2";
			};
			name = Debug;
		};
		EE95DB482B502755007D930A /* Release */ = {
			isa = XCBuildConfiguration;
			buildSettings = {
				ASSETCATALOG_COMPILER_APPICON_NAME = AppIcon;
				ASSETCATALOG_COMPILER_GLOBAL_ACCENT_COLOR_NAME = AccentColor;
				CODE_SIGN_ENTITLEMENTS = Flashcards/Flashcards.entitlements;
				CODE_SIGN_STYLE = Automatic;
				CURRENT_PROJECT_VERSION = 1;
				DEVELOPMENT_ASSET_PATHS = "\"Flashcards/Preview Content\"";
				DEVELOPMENT_TEAM = B2F8267N9G;
				ENABLE_HARDENED_RUNTIME = YES;
				ENABLE_PREVIEWS = YES;
				GENERATE_INFOPLIST_FILE = YES;
				"INFOPLIST_KEY_UIApplicationSceneManifest_Generation[sdk=iphoneos*]" = YES;
				"INFOPLIST_KEY_UIApplicationSceneManifest_Generation[sdk=iphonesimulator*]" = YES;
				"INFOPLIST_KEY_UIApplicationSupportsIndirectInputEvents[sdk=iphoneos*]" = YES;
				"INFOPLIST_KEY_UIApplicationSupportsIndirectInputEvents[sdk=iphonesimulator*]" = YES;
				"INFOPLIST_KEY_UILaunchScreen_Generation[sdk=iphoneos*]" = YES;
				"INFOPLIST_KEY_UILaunchScreen_Generation[sdk=iphonesimulator*]" = YES;
				"INFOPLIST_KEY_UIStatusBarStyle[sdk=iphoneos*]" = UIStatusBarStyleDefault;
				"INFOPLIST_KEY_UIStatusBarStyle[sdk=iphonesimulator*]" = UIStatusBarStyleDefault;
				INFOPLIST_KEY_UISupportedInterfaceOrientations_iPad = "UIInterfaceOrientationPortrait UIInterfaceOrientationPortraitUpsideDown UIInterfaceOrientationLandscapeLeft UIInterfaceOrientationLandscapeRight";
				INFOPLIST_KEY_UISupportedInterfaceOrientations_iPhone = "UIInterfaceOrientationPortrait UIInterfaceOrientationLandscapeLeft UIInterfaceOrientationLandscapeRight";
				IPHONEOS_DEPLOYMENT_TARGET = 17.2;
				LD_RUNPATH_SEARCH_PATHS = "@executable_path/Frameworks";
				"LD_RUNPATH_SEARCH_PATHS[sdk=macosx*]" = "@executable_path/../Frameworks";
				MACOSX_DEPLOYMENT_TARGET = 14.2;
				MARKETING_VERSION = 1.0;
				PRODUCT_BUNDLE_IDENTIFIER = com.pedrojosemoragallegos.Flashcards;
				PRODUCT_NAME = "$(TARGET_NAME)";
				SDKROOT = auto;
				SUPPORTED_PLATFORMS = "iphoneos iphonesimulator macosx";
				SWIFT_EMIT_LOC_STRINGS = YES;
				SWIFT_VERSION = 5.0;
				TARGETED_DEVICE_FAMILY = "1,2";
			};
			name = Release;
		};
/* End XCBuildConfiguration section */

/* Begin XCConfigurationList section */
		EE95DB322B502753007D930A /* Build configuration list for PBXProject "Flashcards" */ = {
			isa = XCConfigurationList;
			buildConfigurations = (
				EE95DB442B502755007D930A /* Debug */,
				EE95DB452B502755007D930A /* Release */,
			);
			defaultConfigurationIsVisible = 0;
			defaultConfigurationName = Release;
		};
		EE95DB462B502755007D930A /* Build configuration list for PBXNativeTarget "Flashcards" */ = {
			isa = XCConfigurationList;
			buildConfigurations = (
				EE95DB472B502755007D930A /* Debug */,
				EE95DB482B502755007D930A /* Release */,
			);
			defaultConfigurationIsVisible = 0;
			defaultConfigurationName = Release;
		};
/* End XCConfigurationList section */
	};
	rootObject = EE95DB2F2B502753007D930A /* Project object */;
}
